// !$*UTF8*$!
{
	archiveVersion = 1;
	classes = {
	};
	objectVersion = 48;
	objects = {

/* Begin PBXBuildFile section */
		045931371FAB435600E4F86E /* AppDelegate.swift in Sources */ = {isa = PBXBuildFile; fileRef = 045931361FAB435600E4F86E /* AppDelegate.swift */; };
		0459313E1FAB435600E4F86E /* Assets.xcassets in Resources */ = {isa = PBXBuildFile; fileRef = 0459313D1FAB435600E4F86E /* Assets.xcassets */; };
		045931411FAB435600E4F86E /* LaunchScreen.storyboard in Resources */ = {isa = PBXBuildFile; fileRef = 0459313F1FAB435600E4F86E /* LaunchScreen.storyboard */; };
		0459314C1FAB435600E4F86E /* 成长之路APP_SwiftTests.swift in Sources */ = {isa = PBXBuildFile; fileRef = 0459314B1FAB435600E4F86E /* 成长之路APP_SwiftTests.swift */; };
		045931571FAB435600E4F86E /* 成长之路APP_SwiftUITests.swift in Sources */ = {isa = PBXBuildFile; fileRef = 045931561FAB435600E4F86E /* 成长之路APP_SwiftUITests.swift */; };
		04A5307B1FB03F74003CAFD6 /* Common.swift in Sources */ = {isa = PBXBuildFile; fileRef = 04A5307A1FB03F74003CAFD6 /* Common.swift */; };
		04A976F51FAFF99D0060212D /* TabBarConfig.plist in Resources */ = {isa = PBXBuildFile; fileRef = 04A976F41FAFF99D0060212D /* TabBarConfig.plist */; };
		04AB16E21FAFFDC60004E329 /* TDBaseTabBarController.swift in Sources */ = {isa = PBXBuildFile; fileRef = 04AB16E11FAFFDC60004E329 /* TDBaseTabBarController.swift */; };
		04AB16E71FAFFE930004E329 /* TDBaseViewController.swift in Sources */ = {isa = PBXBuildFile; fileRef = 04AB16E61FAFFE930004E329 /* TDBaseViewController.swift */; };
		04AB16E91FAFFEB30004E329 /* TDBaseTableViewController.swift in Sources */ = {isa = PBXBuildFile; fileRef = 04AB16E81FAFFEB30004E329 /* TDBaseTableViewController.swift */; };
		04AB16EB1FAFFEFC0004E329 /* TDBaseNavigationViewController.swift in Sources */ = {isa = PBXBuildFile; fileRef = 04AB16EA1FAFFEFC0004E329 /* TDBaseNavigationViewController.swift */; };
		04AB16ED1FAFFFF00004E329 /* TDHomeViewController.swift in Sources */ = {isa = PBXBuildFile; fileRef = 04AB16EC1FAFFFF00004E329 /* TDHomeViewController.swift */; };
		04AB16EF1FB000170004E329 /* TDContentViewController.swift in Sources */ = {isa = PBXBuildFile; fileRef = 04AB16EE1FB000170004E329 /* TDContentViewController.swift */; };
		04AB16F11FB000390004E329 /* TDCommunityViewController.swift in Sources */ = {isa = PBXBuildFile; fileRef = 04AB16F01FB000390004E329 /* TDCommunityViewController.swift */; };
		04AB16F31FB000810004E329 /* TDProfileTableViewController.swift in Sources */ = {isa = PBXBuildFile; fileRef = 04AB16F21FB000810004E329 /* TDProfileTableViewController.swift */; };
		04AB16F51FB00B310004E329 /* TDPublishViewController.swift in Sources */ = {isa = PBXBuildFile; fileRef = 04AB16F41FB00B310004E329 /* TDPublishViewController.swift */; };
		0EA2F8956B7A7E1D48EB9502 /* Pods_____APP_Swift.framework in Frameworks */ = {isa = PBXBuildFile; fileRef = E905FA06EF1BD0AF6830D916 /* Pods_____APP_Swift.framework */; };
/* End PBXBuildFile section */

/* Begin PBXContainerItemProxy section */
		045931481FAB435600E4F86E /* PBXContainerItemProxy */ = {
			isa = PBXContainerItemProxy;
			containerPortal = 0459312B1FAB435600E4F86E /* Project object */;
			proxyType = 1;
			remoteGlobalIDString = 045931321FAB435600E4F86E;
			remoteInfo = "GrownUpApp-Swift";
		};
		045931531FAB435600E4F86E /* PBXContainerItemProxy */ = {
			isa = PBXContainerItemProxy;
			containerPortal = 0459312B1FAB435600E4F86E /* Project object */;
			proxyType = 1;
			remoteGlobalIDString = 045931321FAB435600E4F86E;
			remoteInfo = "GrownUpApp-Swift";
		};
/* End PBXContainerItemProxy section */

/* Begin PBXFileReference section */
		028FB0C4F483882E3F6AFE89 /* Pods-成长之路APP-Swift.release.xcconfig */ = {isa = PBXFileReference; includeInIndex = 1; lastKnownFileType = text.xcconfig; name = "Pods-成长之路APP-Swift.release.xcconfig"; path = "Pods/Target Support Files/Pods-成长之路APP-Swift/Pods-成长之路APP-Swift.release.xcconfig"; sourceTree = "<group>"; };
		045931331FAB435600E4F86E /* 成长之路APP-Swift.app */ = {isa = PBXFileReference; explicitFileType = wrapper.application; includeInIndex = 0; path = "成长之路APP-Swift.app"; sourceTree = BUILT_PRODUCTS_DIR; };
		045931361FAB435600E4F86E /* AppDelegate.swift */ = {isa = PBXFileReference; lastKnownFileType = sourcecode.swift; path = AppDelegate.swift; sourceTree = "<group>"; };
		0459313D1FAB435600E4F86E /* Assets.xcassets */ = {isa = PBXFileReference; lastKnownFileType = folder.assetcatalog; path = Assets.xcassets; sourceTree = "<group>"; };
		045931401FAB435600E4F86E /* Base */ = {isa = PBXFileReference; lastKnownFileType = file.storyboard; name = Base; path = Base.lproj/LaunchScreen.storyboard; sourceTree = "<group>"; };
		045931421FAB435600E4F86E /* Info.plist */ = {isa = PBXFileReference; lastKnownFileType = text.plist.xml; path = Info.plist; sourceTree = "<group>"; };
		045931471FAB435600E4F86E /* 成长之路APP-SwiftTests.xctest */ = {isa = PBXFileReference; explicitFileType = wrapper.cfbundle; includeInIndex = 0; path = "成长之路APP-SwiftTests.xctest"; sourceTree = BUILT_PRODUCTS_DIR; };
		0459314B1FAB435600E4F86E /* 成长之路APP_SwiftTests.swift */ = {isa = PBXFileReference; lastKnownFileType = sourcecode.swift; path = "成长之路APP_SwiftTests.swift"; sourceTree = "<group>"; };
		0459314D1FAB435600E4F86E /* Info.plist */ = {isa = PBXFileReference; lastKnownFileType = text.plist.xml; path = Info.plist; sourceTree = "<group>"; };
		045931521FAB435600E4F86E /* 成长之路APP-SwiftUITests.xctest */ = {isa = PBXFileReference; explicitFileType = wrapper.cfbundle; includeInIndex = 0; path = "成长之路APP-SwiftUITests.xctest"; sourceTree = BUILT_PRODUCTS_DIR; };
		045931561FAB435600E4F86E /* 成长之路APP_SwiftUITests.swift */ = {isa = PBXFileReference; lastKnownFileType = sourcecode.swift; path = "成长之路APP_SwiftUITests.swift"; sourceTree = "<group>"; };
		045931581FAB435600E4F86E /* Info.plist */ = {isa = PBXFileReference; lastKnownFileType = text.plist.xml; path = Info.plist; sourceTree = "<group>"; };
		04A5307A1FB03F74003CAFD6 /* Common.swift */ = {isa = PBXFileReference; lastKnownFileType = sourcecode.swift; path = Common.swift; sourceTree = "<group>"; };
		04A976F41FAFF99D0060212D /* TabBarConfig.plist */ = {isa = PBXFileReference; lastKnownFileType = text.plist.xml; path = TabBarConfig.plist; sourceTree = "<group>"; };
		04AB16E11FAFFDC60004E329 /* TDBaseTabBarController.swift */ = {isa = PBXFileReference; lastKnownFileType = sourcecode.swift; path = TDBaseTabBarController.swift; sourceTree = "<group>"; };
		04AB16E61FAFFE930004E329 /* TDBaseViewController.swift */ = {isa = PBXFileReference; lastKnownFileType = sourcecode.swift; path = TDBaseViewController.swift; sourceTree = "<group>"; };
		04AB16E81FAFFEB30004E329 /* TDBaseTableViewController.swift */ = {isa = PBXFileReference; lastKnownFileType = sourcecode.swift; path = TDBaseTableViewController.swift; sourceTree = "<group>"; };
		04AB16EA1FAFFEFC0004E329 /* TDBaseNavigationViewController.swift */ = {isa = PBXFileReference; lastKnownFileType = sourcecode.swift; path = TDBaseNavigationViewController.swift; sourceTree = "<group>"; };
		04AB16EC1FAFFFF00004E329 /* TDHomeViewController.swift */ = {isa = PBXFileReference; lastKnownFileType = sourcecode.swift; path = TDHomeViewController.swift; sourceTree = "<group>"; };
		04AB16EE1FB000170004E329 /* TDContentViewController.swift */ = {isa = PBXFileReference; lastKnownFileType = sourcecode.swift; path = TDContentViewController.swift; sourceTree = "<group>"; };
		04AB16F01FB000390004E329 /* TDCommunityViewController.swift */ = {isa = PBXFileReference; lastKnownFileType = sourcecode.swift; path = TDCommunityViewController.swift; sourceTree = "<group>"; };
		04AB16F21FB000810004E329 /* TDProfileTableViewController.swift */ = {isa = PBXFileReference; lastKnownFileType = sourcecode.swift; path = TDProfileTableViewController.swift; sourceTree = "<group>"; };
		04AB16F41FB00B310004E329 /* TDPublishViewController.swift */ = {isa = PBXFileReference; lastKnownFileType = sourcecode.swift; path = TDPublishViewController.swift; sourceTree = "<group>"; };
		BD92061B5E5C97D380DB1DA9 /* Pods-成长之路APP-Swift.debug.xcconfig */ = {isa = PBXFileReference; includeInIndex = 1; lastKnownFileType = text.xcconfig; name = "Pods-成长之路APP-Swift.debug.xcconfig"; path = "Pods/Target Support Files/Pods-成长之路APP-Swift/Pods-成长之路APP-Swift.debug.xcconfig"; sourceTree = "<group>"; };
		E905FA06EF1BD0AF6830D916 /* Pods_____APP_Swift.framework */ = {isa = PBXFileReference; explicitFileType = wrapper.framework; includeInIndex = 0; path = "Pods_____APP_Swift.framework"; sourceTree = BUILT_PRODUCTS_DIR; };
/* End PBXFileReference section */

/* Begin PBXFrameworksBuildPhase section */
		045931301FAB435600E4F86E /* Frameworks */ = {
			isa = PBXFrameworksBuildPhase;
			buildActionMask = 2147483647;
			files = (
				0EA2F8956B7A7E1D48EB9502 /* Pods_____APP_Swift.framework in Frameworks */,
			);
			runOnlyForDeploymentPostprocessing = 0;
		};
		045931441FAB435600E4F86E /* Frameworks */ = {
			isa = PBXFrameworksBuildPhase;
			buildActionMask = 2147483647;
			files = (
			);
			runOnlyForDeploymentPostprocessing = 0;
		};
		0459314F1FAB435600E4F86E /* Frameworks */ = {
			isa = PBXFrameworksBuildPhase;
			buildActionMask = 2147483647;
			files = (
			);
			runOnlyForDeploymentPostprocessing = 0;
		};
/* End PBXFrameworksBuildPhase section */

/* Begin PBXGroup section */
		044BF8201FAFF35800B20A30 /* Classes */ = {
			isa = PBXGroup;
			children = (
				044BF8211FAFF35800B20A30 /* AppDelegate */,
				044BF8221FAFF35800B20A30 /* Base */,
				044BF8231FAFF35800B20A30 /* Define */,
				044BF8241FAFF35800B20A30 /* HTTPRequest */,
				044BF8251FAFF35800B20A30 /* Mananger */,
				044BF8261FAFF35800B20A30 /* Modules */,
				044BF8271FAFF35800B20A30 /* Resource */,
				044BF8281FAFF35800B20A30 /* ThirdParty */,
				044BF8291FAFF35800B20A30 /* Utils */,
				044BF82A1FAFF45A00B20A30 /* Supporting Files */,
			);
			path = Classes;
			sourceTree = "<group>";
		};
		044BF8211FAFF35800B20A30 /* AppDelegate */ = {
			isa = PBXGroup;
			children = (
				045931361FAB435600E4F86E /* AppDelegate.swift */,
			);
			path = AppDelegate;
			sourceTree = "<group>";
		};
		044BF8221FAFF35800B20A30 /* Base */ = {
			isa = PBXGroup;
			children = (
				04AB16E51FAFFE620004E329 /* BaseNavigationViewController */,
				04AB16E31FAFFE620004E329 /* BaseTableViewController */,
				04AB16E41FAFFE620004E329 /* BaseViewController */,
				04AB16E01FAFFD840004E329 /* BaseTabBarController */,
			);
			path = Base;
			sourceTree = "<group>";
		};
		044BF8231FAFF35800B20A30 /* Define */ = {
			isa = PBXGroup;
			children = (
			);
			path = Define;
			sourceTree = "<group>";
		};
		044BF8241FAFF35800B20A30 /* HTTPRequest */ = {
			isa = PBXGroup;
			children = (
			);
			path = HTTPRequest;
			sourceTree = "<group>";
		};
		044BF8251FAFF35800B20A30 /* Mananger */ = {
			isa = PBXGroup;
			children = (
			);
			path = Mananger;
			sourceTree = "<group>";
		};
		044BF8261FAFF35800B20A30 /* Modules */ = {
			isa = PBXGroup;
			children = (
				044E8DD71FAFFBA7003A4761 /* Main */,
				044E8DCD1FAFFBA7003A4761 /* Home */,
				044E8DC81FAFFBA7003A4761 /* Content */,
				044E8DE11FAFFBA7003A4761 /* Publish */,
				044E8DC31FAFFBA7003A4761 /* Community */,
				044E8DDC1FAFFBA7003A4761 /* Profile */,
				044E8DD21FAFFBA7003A4761 /* Login */,
			);
			path = Modules;
			sourceTree = "<group>";
		};
		044BF8271FAFF35800B20A30 /* Resource */ = {
			isa = PBXGroup;
			children = (
				0459313D1FAB435600E4F86E /* Assets.xcassets */,
				04A976F41FAFF99D0060212D /* TabBarConfig.plist */,
			);
			path = Resource;
			sourceTree = "<group>";
		};
		044BF8281FAFF35800B20A30 /* ThirdParty */ = {
			isa = PBXGroup;
			children = (
			);
			path = ThirdParty;
			sourceTree = "<group>";
		};
		044BF8291FAFF35800B20A30 /* Utils */ = {
			isa = PBXGroup;
			children = (
			);
			path = Utils;
			sourceTree = "<group>";
		};
		044BF82A1FAFF45A00B20A30 /* Supporting Files */ = {
			isa = PBXGroup;
			children = (
				04A5307A1FB03F74003CAFD6 /* Common.swift */,
				0459313F1FAB435600E4F86E /* LaunchScreen.storyboard */,
				045931421FAB435600E4F86E /* Info.plist */,
			);
			path = "Supporting Files";
			sourceTree = "<group>";
		};
		044E8DC31FAFFBA7003A4761 /* Community */ = {
			isa = PBXGroup;
			children = (
				044E8DC41FAFFBA7003A4761 /* Host */,
			);
			path = Community;
			sourceTree = "<group>";
		};
		044E8DC41FAFFBA7003A4761 /* Host */ = {
			isa = PBXGroup;
			children = (
				044E8DC51FAFFBA7003A4761 /* Controller */,
				044E8DC61FAFFBA7003A4761 /* Model */,
				044E8DC71FAFFBA7003A4761 /* Views */,
			);
			path = Host;
			sourceTree = "<group>";
		};
		044E8DC51FAFFBA7003A4761 /* Controller */ = {
			isa = PBXGroup;
			children = (
				04AB16F01FB000390004E329 /* TDCommunityViewController.swift */,
			);
			path = Controller;
			sourceTree = "<group>";
		};
		044E8DC61FAFFBA7003A4761 /* Model */ = {
			isa = PBXGroup;
			children = (
			);
			path = Model;
			sourceTree = "<group>";
		};
		044E8DC71FAFFBA7003A4761 /* Views */ = {
			isa = PBXGroup;
			children = (
			);
			path = Views;
			sourceTree = "<group>";
		};
		044E8DC81FAFFBA7003A4761 /* Content */ = {
			isa = PBXGroup;
			children = (
				044E8DC91FAFFBA7003A4761 /* Host */,
			);
			path = Content;
			sourceTree = "<group>";
		};
		044E8DC91FAFFBA7003A4761 /* Host */ = {
			isa = PBXGroup;
			children = (
				044E8DCA1FAFFBA7003A4761 /* Controller */,
				044E8DCB1FAFFBA7003A4761 /* Model */,
				044E8DCC1FAFFBA7003A4761 /* Views */,
			);
			path = Host;
			sourceTree = "<group>";
		};
		044E8DCA1FAFFBA7003A4761 /* Controller */ = {
			isa = PBXGroup;
			children = (
				04AB16EE1FB000170004E329 /* TDContentViewController.swift */,
			);
			path = Controller;
			sourceTree = "<group>";
		};
		044E8DCB1FAFFBA7003A4761 /* Model */ = {
			isa = PBXGroup;
			children = (
			);
			path = Model;
			sourceTree = "<group>";
		};
		044E8DCC1FAFFBA7003A4761 /* Views */ = {
			isa = PBXGroup;
			children = (
			);
			path = Views;
			sourceTree = "<group>";
		};
		044E8DCD1FAFFBA7003A4761 /* Home */ = {
			isa = PBXGroup;
			children = (
				044E8DCE1FAFFBA7003A4761 /* Host */,
			);
			path = Home;
			sourceTree = "<group>";
		};
		044E8DCE1FAFFBA7003A4761 /* Host */ = {
			isa = PBXGroup;
			children = (
				044E8DCF1FAFFBA7003A4761 /* Controller */,
				044E8DD01FAFFBA7003A4761 /* Model */,
				044E8DD11FAFFBA7003A4761 /* Views */,
			);
			path = Host;
			sourceTree = "<group>";
		};
		044E8DCF1FAFFBA7003A4761 /* Controller */ = {
			isa = PBXGroup;
			children = (
				04AB16EC1FAFFFF00004E329 /* TDHomeViewController.swift */,
			);
			path = Controller;
			sourceTree = "<group>";
		};
		044E8DD01FAFFBA7003A4761 /* Model */ = {
			isa = PBXGroup;
			children = (
			);
			path = Model;
			sourceTree = "<group>";
		};
		044E8DD11FAFFBA7003A4761 /* Views */ = {
			isa = PBXGroup;
			children = (
			);
			path = Views;
			sourceTree = "<group>";
		};
		044E8DD21FAFFBA7003A4761 /* Login */ = {
			isa = PBXGroup;
			children = (
				044E8DD31FAFFBA7003A4761 /* Host */,
			);
			path = Login;
			sourceTree = "<group>";
		};
		044E8DD31FAFFBA7003A4761 /* Host */ = {
			isa = PBXGroup;
			children = (
				044E8DD41FAFFBA7003A4761 /* Controller */,
				044E8DD51FAFFBA7003A4761 /* Model */,
				044E8DD61FAFFBA7003A4761 /* Views */,
			);
			path = Host;
			sourceTree = "<group>";
		};
		044E8DD41FAFFBA7003A4761 /* Controller */ = {
			isa = PBXGroup;
			children = (
			);
			path = Controller;
			sourceTree = "<group>";
		};
		044E8DD51FAFFBA7003A4761 /* Model */ = {
			isa = PBXGroup;
			children = (
			);
			path = Model;
			sourceTree = "<group>";
		};
		044E8DD61FAFFBA7003A4761 /* Views */ = {
			isa = PBXGroup;
			children = (
			);
			path = Views;
			sourceTree = "<group>";
		};
		044E8DD71FAFFBA7003A4761 /* Main */ = {
			isa = PBXGroup;
			children = (
				044E8DD81FAFFBA7003A4761 /* Host */,
			);
			path = Main;
			sourceTree = "<group>";
		};
		044E8DD81FAFFBA7003A4761 /* Host */ = {
			isa = PBXGroup;
			children = (
				044E8DD91FAFFBA7003A4761 /* Controller */,
				044E8DDA1FAFFBA7003A4761 /* Model */,
				044E8DDB1FAFFBA7003A4761 /* Views */,
			);
			path = Host;
			sourceTree = "<group>";
		};
		044E8DD91FAFFBA7003A4761 /* Controller */ = {
			isa = PBXGroup;
			children = (
			);
			path = Controller;
			sourceTree = "<group>";
		};
		044E8DDA1FAFFBA7003A4761 /* Model */ = {
			isa = PBXGroup;
			children = (
			);
			path = Model;
			sourceTree = "<group>";
		};
		044E8DDB1FAFFBA7003A4761 /* Views */ = {
			isa = PBXGroup;
			children = (
			);
			path = Views;
			sourceTree = "<group>";
		};
		044E8DDC1FAFFBA7003A4761 /* Profile */ = {
			isa = PBXGroup;
			children = (
				044E8DDD1FAFFBA7003A4761 /* Host */,
			);
			path = Profile;
			sourceTree = "<group>";
		};
		044E8DDD1FAFFBA7003A4761 /* Host */ = {
			isa = PBXGroup;
			children = (
				044E8DDE1FAFFBA7003A4761 /* Controller */,
				044E8DDF1FAFFBA7003A4761 /* Model */,
				044E8DE01FAFFBA7003A4761 /* Views */,
			);
			path = Host;
			sourceTree = "<group>";
		};
		044E8DDE1FAFFBA7003A4761 /* Controller */ = {
			isa = PBXGroup;
			children = (
				04AB16F21FB000810004E329 /* TDProfileTableViewController.swift */,
			);
			path = Controller;
			sourceTree = "<group>";
		};
		044E8DDF1FAFFBA7003A4761 /* Model */ = {
			isa = PBXGroup;
			children = (
			);
			path = Model;
			sourceTree = "<group>";
		};
		044E8DE01FAFFBA7003A4761 /* Views */ = {
			isa = PBXGroup;
			children = (
			);
			path = Views;
			sourceTree = "<group>";
		};
		044E8DE11FAFFBA7003A4761 /* Publish */ = {
			isa = PBXGroup;
			children = (
				044E8DE21FAFFBA7003A4761 /* Host */,
			);
			path = Publish;
			sourceTree = "<group>";
		};
		044E8DE21FAFFBA7003A4761 /* Host */ = {
			isa = PBXGroup;
			children = (
				044E8DE31FAFFBA7003A4761 /* Controller */,
				044E8DE41FAFFBA7003A4761 /* Model */,
				044E8DE51FAFFBA7003A4761 /* Views */,
			);
			path = Host;
			sourceTree = "<group>";
		};
		044E8DE31FAFFBA7003A4761 /* Controller */ = {
			isa = PBXGroup;
			children = (
				04AB16F41FB00B310004E329 /* TDPublishViewController.swift */,
			);
			path = Controller;
			sourceTree = "<group>";
		};
		044E8DE41FAFFBA7003A4761 /* Model */ = {
			isa = PBXGroup;
			children = (
			);
			path = Model;
			sourceTree = "<group>";
		};
		044E8DE51FAFFBA7003A4761 /* Views */ = {
			isa = PBXGroup;
			children = (
			);
			path = Views;
			sourceTree = "<group>";
		};
		0459312A1FAB435600E4F86E = {
			isa = PBXGroup;
			children = (
				045931351FAB435600E4F86E /* 成长之路APP-Swift */,
				0459314A1FAB435600E4F86E /* 成长之路APP-SwiftTests */,
				045931551FAB435600E4F86E /* 成长之路APP-SwiftUITests */,
				045931341FAB435600E4F86E /* Products */,
				652447A0F67FDEC2F95C3FBF /* Pods */,
				92028842BFEE2F3859B36309 /* Frameworks */,
			);
			sourceTree = "<group>";
		};
		045931341FAB435600E4F86E /* Products */ = {
			isa = PBXGroup;
			children = (
				045931331FAB435600E4F86E /* 成长之路APP-Swift.app */,
				045931471FAB435600E4F86E /* 成长之路APP-SwiftTests.xctest */,
				045931521FAB435600E4F86E /* 成长之路APP-SwiftUITests.xctest */,
			);
			name = Products;
			sourceTree = "<group>";
		};
		045931351FAB435600E4F86E /* 成长之路APP-Swift */ = {
			isa = PBXGroup;
			children = (
				044BF8201FAFF35800B20A30 /* Classes */,
			);
			path = "成长之路APP-Swift";
			sourceTree = "<group>";
		};
		0459314A1FAB435600E4F86E /* 成长之路APP-SwiftTests */ = {
			isa = PBXGroup;
			children = (
				0459314B1FAB435600E4F86E /* 成长之路APP_SwiftTests.swift */,
				0459314D1FAB435600E4F86E /* Info.plist */,
			);
			path = "成长之路APP-SwiftTests";
			sourceTree = "<group>";
		};
		045931551FAB435600E4F86E /* 成长之路APP-SwiftUITests */ = {
			isa = PBXGroup;
			children = (
				045931561FAB435600E4F86E /* 成长之路APP_SwiftUITests.swift */,
				045931581FAB435600E4F86E /* Info.plist */,
			);
			path = "成长之路APP-SwiftUITests";
			sourceTree = "<group>";
		};
		04AB16E01FAFFD840004E329 /* BaseTabBarController */ = {
			isa = PBXGroup;
			children = (
				04AB16E11FAFFDC60004E329 /* TDBaseTabBarController.swift */,
			);
			path = BaseTabBarController;
			sourceTree = "<group>";
		};
		04AB16E31FAFFE620004E329 /* BaseTableViewController */ = {
			isa = PBXGroup;
			children = (
				04AB16E81FAFFEB30004E329 /* TDBaseTableViewController.swift */,
			);
			path = BaseTableViewController;
			sourceTree = "<group>";
		};
		04AB16E41FAFFE620004E329 /* BaseViewController */ = {
			isa = PBXGroup;
			children = (
				04AB16E61FAFFE930004E329 /* TDBaseViewController.swift */,
			);
			path = BaseViewController;
			sourceTree = "<group>";
		};
		04AB16E51FAFFE620004E329 /* BaseNavigationViewController */ = {
			isa = PBXGroup;
			children = (
				04AB16EA1FAFFEFC0004E329 /* TDBaseNavigationViewController.swift */,
			);
			path = BaseNavigationViewController;
			sourceTree = "<group>";
		};
		652447A0F67FDEC2F95C3FBF /* Pods */ = {
			isa = PBXGroup;
			children = (
				BD92061B5E5C97D380DB1DA9 /* Pods-成长之路APP-Swift.debug.xcconfig */,
				028FB0C4F483882E3F6AFE89 /* Pods-成长之路APP-Swift.release.xcconfig */,
			);
			name = Pods;
			sourceTree = "<group>";
		};
		92028842BFEE2F3859B36309 /* Frameworks */ = {
			isa = PBXGroup;
			children = (
				E905FA06EF1BD0AF6830D916 /* Pods_____APP_Swift.framework */,
			);
			name = Frameworks;
			sourceTree = "<group>";
		};
/* End PBXGroup section */

/* Begin PBXNativeTarget section */
		045931321FAB435600E4F86E /* 成长之路APP-Swift */ = {
			isa = PBXNativeTarget;
			buildConfigurationList = 0459315B1FAB435600E4F86E /* Build configuration list for PBXNativeTarget "成长之路APP-Swift" */;
			buildPhases = (
				FCB4A751A46ADDA5498B54B9 /* [CP] Check Pods Manifest.lock */,
				0459312F1FAB435600E4F86E /* Sources */,
				045931301FAB435600E4F86E /* Frameworks */,
				045931311FAB435600E4F86E /* Resources */,
				2CAAF36BF559AFEDDC1AC41B /* [CP] Embed Pods Frameworks */,
				52C7362B5160CDE04A96AAA9 /* [CP] Copy Pods Resources */,
			);
			buildRules = (
			);
			dependencies = (
			);
			name = "成长之路APP-Swift";
			productName = "GrownUpApp-Swift";
			productReference = 045931331FAB435600E4F86E /* 成长之路APP-Swift.app */;
			productType = "com.apple.product-type.application";
		};
		045931461FAB435600E4F86E /* 成长之路APP-SwiftTests */ = {
			isa = PBXNativeTarget;
			buildConfigurationList = 0459315E1FAB435600E4F86E /* Build configuration list for PBXNativeTarget "成长之路APP-SwiftTests" */;
			buildPhases = (
				045931431FAB435600E4F86E /* Sources */,
				045931441FAB435600E4F86E /* Frameworks */,
				045931451FAB435600E4F86E /* Resources */,
			);
			buildRules = (
			);
			dependencies = (
				045931491FAB435600E4F86E /* PBXTargetDependency */,
			);
			name = "成长之路APP-SwiftTests";
			productName = "GrownUpApp-SwiftTests";
			productReference = 045931471FAB435600E4F86E /* 成长之路APP-SwiftTests.xctest */;
			productType = "com.apple.product-type.bundle.unit-test";
		};
		045931511FAB435600E4F86E /* 成长之路APP-SwiftUITests */ = {
			isa = PBXNativeTarget;
			buildConfigurationList = 045931611FAB435600E4F86E /* Build configuration list for PBXNativeTarget "成长之路APP-SwiftUITests" */;
			buildPhases = (
				0459314E1FAB435600E4F86E /* Sources */,
				0459314F1FAB435600E4F86E /* Frameworks */,
				045931501FAB435600E4F86E /* Resources */,
			);
			buildRules = (
			);
			dependencies = (
				045931541FAB435600E4F86E /* PBXTargetDependency */,
			);
			name = "成长之路APP-SwiftUITests";
			productName = "GrownUpApp-SwiftUITests";
			productReference = 045931521FAB435600E4F86E /* 成长之路APP-SwiftUITests.xctest */;
			productType = "com.apple.product-type.bundle.ui-testing";
		};
/* End PBXNativeTarget section */

/* Begin PBXProject section */
		0459312B1FAB435600E4F86E /* Project object */ = {
			isa = PBXProject;
			attributes = {
				LastSwiftUpdateCheck = 0900;
				LastUpgradeCheck = 0900;
				ORGANIZATIONNAME = hui;
				TargetAttributes = {
					045931321FAB435600E4F86E = {
						CreatedOnToolsVersion = 9.0;
						ProvisioningStyle = Automatic;
					};
					045931461FAB435600E4F86E = {
						CreatedOnToolsVersion = 9.0;
						ProvisioningStyle = Automatic;
						TestTargetID = 045931321FAB435600E4F86E;
					};
					045931511FAB435600E4F86E = {
						CreatedOnToolsVersion = 9.0;
						ProvisioningStyle = Automatic;
						TestTargetID = 045931321FAB435600E4F86E;
					};
				};
			};
			buildConfigurationList = 0459312E1FAB435600E4F86E /* Build configuration list for PBXProject "成长之路APP-Swift" */;
			compatibilityVersion = "Xcode 8.0";
			developmentRegion = en;
			hasScannedForEncodings = 0;
			knownRegions = (
				en,
				Base,
			);
			mainGroup = 0459312A1FAB435600E4F86E;
			productRefGroup = 045931341FAB435600E4F86E /* Products */;
			projectDirPath = "";
			projectRoot = "";
			targets = (
				045931321FAB435600E4F86E /* 成长之路APP-Swift */,
				045931461FAB435600E4F86E /* 成长之路APP-SwiftTests */,
				045931511FAB435600E4F86E /* 成长之路APP-SwiftUITests */,
			);
		};
/* End PBXProject section */

/* Begin PBXResourcesBuildPhase section */
		045931311FAB435600E4F86E /* Resources */ = {
			isa = PBXResourcesBuildPhase;
			buildActionMask = 2147483647;
			files = (
				045931411FAB435600E4F86E /* LaunchScreen.storyboard in Resources */,
				04A976F51FAFF99D0060212D /* TabBarConfig.plist in Resources */,
				0459313E1FAB435600E4F86E /* Assets.xcassets in Resources */,
			);
			runOnlyForDeploymentPostprocessing = 0;
		};
		045931451FAB435600E4F86E /* Resources */ = {
			isa = PBXResourcesBuildPhase;
			buildActionMask = 2147483647;
			files = (
			);
			runOnlyForDeploymentPostprocessing = 0;
		};
		045931501FAB435600E4F86E /* Resources */ = {
			isa = PBXResourcesBuildPhase;
			buildActionMask = 2147483647;
			files = (
			);
			runOnlyForDeploymentPostprocessing = 0;
		};
/* End PBXResourcesBuildPhase section */

/* Begin PBXShellScriptBuildPhase section */
		2CAAF36BF559AFEDDC1AC41B /* [CP] Embed Pods Frameworks */ = {
			isa = PBXShellScriptBuildPhase;
			buildActionMask = 2147483647;
			files = (
			);
			inputPaths = (
			);
			name = "[CP] Embed Pods Frameworks";
			outputPaths = (
			);
			runOnlyForDeploymentPostprocessing = 0;
			shellPath = /bin/sh;
			shellScript = "\"${SRCROOT}/Pods/Target Support Files/Pods-成长之路APP-Swift/Pods-成长之路APP-Swift-frameworks.sh\"\n";
			showEnvVarsInLog = 0;
		};
		52C7362B5160CDE04A96AAA9 /* [CP] Copy Pods Resources */ = {
			isa = PBXShellScriptBuildPhase;
			buildActionMask = 2147483647;
			files = (
			);
			inputPaths = (
			);
			name = "[CP] Copy Pods Resources";
			outputPaths = (
			);
			runOnlyForDeploymentPostprocessing = 0;
			shellPath = /bin/sh;
			shellScript = "\"${SRCROOT}/Pods/Target Support Files/Pods-成长之路APP-Swift/Pods-成长之路APP-Swift-resources.sh\"\n";
			showEnvVarsInLog = 0;
		};
		FCB4A751A46ADDA5498B54B9 /* [CP] Check Pods Manifest.lock */ = {
			isa = PBXShellScriptBuildPhase;
			buildActionMask = 2147483647;
			files = (
			);
			inputPaths = (
			);
			name = "[CP] Check Pods Manifest.lock";
			outputPaths = (
			);
			runOnlyForDeploymentPostprocessing = 0;
			shellPath = /bin/sh;
			shellScript = "diff \"${PODS_PODFILE_DIR_PATH}/Podfile.lock\" \"${PODS_ROOT}/Manifest.lock\" > /dev/null\nif [ $? != 0 ] ; then\n    # print error to STDERR\n    echo \"error: The sandbox is not in sync with the Podfile.lock. Run 'pod install' or update your CocoaPods installation.\" >&2\n    exit 1\nfi\n";
			showEnvVarsInLog = 0;
		};
/* End PBXShellScriptBuildPhase section */

/* Begin PBXSourcesBuildPhase section */
		0459312F1FAB435600E4F86E /* Sources */ = {
			isa = PBXSourcesBuildPhase;
			buildActionMask = 2147483647;
			files = (
				04AB16E91FAFFEB30004E329 /* TDBaseTableViewController.swift in Sources */,
				04AB16E71FAFFE930004E329 /* TDBaseViewController.swift in Sources */,
				04AB16F51FB00B310004E329 /* TDPublishViewController.swift in Sources */,
				04AB16EF1FB000170004E329 /* TDContentViewController.swift in Sources */,
				04A5307B1FB03F74003CAFD6 /* Common.swift in Sources */,
				04AB16E21FAFFDC60004E329 /* TDBaseTabBarController.swift in Sources */,
				04AB16ED1FAFFFF00004E329 /* TDHomeViewController.swift in Sources */,
				04AB16F31FB000810004E329 /* TDProfileTableViewController.swift in Sources */,
				045931371FAB435600E4F86E /* AppDelegate.swift in Sources */,
				04AB16F11FB000390004E329 /* TDCommunityViewController.swift in Sources */,
				04AB16EB1FAFFEFC0004E329 /* TDBaseNavigationViewController.swift in Sources */,
			);
			runOnlyForDeploymentPostprocessing = 0;
		};
		045931431FAB435600E4F86E /* Sources */ = {
			isa = PBXSourcesBuildPhase;
			buildActionMask = 2147483647;
			files = (
				0459314C1FAB435600E4F86E /* 成长之路APP_SwiftTests.swift in Sources */,
			);
			runOnlyForDeploymentPostprocessing = 0;
		};
		0459314E1FAB435600E4F86E /* Sources */ = {
			isa = PBXSourcesBuildPhase;
			buildActionMask = 2147483647;
			files = (
				045931571FAB435600E4F86E /* 成长之路APP_SwiftUITests.swift in Sources */,
			);
			runOnlyForDeploymentPostprocessing = 0;
		};
/* End PBXSourcesBuildPhase section */

/* Begin PBXTargetDependency section */
		045931491FAB435600E4F86E /* PBXTargetDependency */ = {
			isa = PBXTargetDependency;
			target = 045931321FAB435600E4F86E /* 成长之路APP-Swift */;
			targetProxy = 045931481FAB435600E4F86E /* PBXContainerItemProxy */;
		};
		045931541FAB435600E4F86E /* PBXTargetDependency */ = {
			isa = PBXTargetDependency;
			target = 045931321FAB435600E4F86E /* 成长之路APP-Swift */;
			targetProxy = 045931531FAB435600E4F86E /* PBXContainerItemProxy */;
		};
/* End PBXTargetDependency section */

/* Begin PBXVariantGroup section */
		0459313F1FAB435600E4F86E /* LaunchScreen.storyboard */ = {
			isa = PBXVariantGroup;
			children = (
				045931401FAB435600E4F86E /* Base */,
			);
			name = LaunchScreen.storyboard;
			sourceTree = "<group>";
		};
/* End PBXVariantGroup section */

/* Begin XCBuildConfiguration section */
		045931591FAB435600E4F86E /* Debug */ = {
			isa = XCBuildConfiguration;
			buildSettings = {
				ALWAYS_SEARCH_USER_PATHS = NO;
				CLANG_ANALYZER_NONNULL = YES;
				CLANG_ANALYZER_NUMBER_OBJECT_CONVERSION = YES_AGGRESSIVE;
				CLANG_CXX_LANGUAGE_STANDARD = "gnu++14";
				CLANG_CXX_LIBRARY = "libc++";
				CLANG_ENABLE_MODULES = YES;
				CLANG_ENABLE_OBJC_ARC = YES;
				CLANG_WARN_BLOCK_CAPTURE_AUTORELEASING = YES;
				CLANG_WARN_BOOL_CONVERSION = YES;
				CLANG_WARN_COMMA = YES;
				CLANG_WARN_CONSTANT_CONVERSION = YES;
				CLANG_WARN_DIRECT_OBJC_ISA_USAGE = YES_ERROR;
				CLANG_WARN_DOCUMENTATION_COMMENTS = YES;
				CLANG_WARN_EMPTY_BODY = YES;
				CLANG_WARN_ENUM_CONVERSION = YES;
				CLANG_WARN_INFINITE_RECURSION = YES;
				CLANG_WARN_INT_CONVERSION = YES;
				CLANG_WARN_NON_LITERAL_NULL_CONVERSION = YES;
				CLANG_WARN_OBJC_LITERAL_CONVERSION = YES;
				CLANG_WARN_OBJC_ROOT_CLASS = YES_ERROR;
				CLANG_WARN_RANGE_LOOP_ANALYSIS = YES;
				CLANG_WARN_STRICT_PROTOTYPES = YES;
				CLANG_WARN_SUSPICIOUS_MOVE = YES;
				CLANG_WARN_UNGUARDED_AVAILABILITY = YES_AGGRESSIVE;
				CLANG_WARN_UNREACHABLE_CODE = YES;
				CLANG_WARN__DUPLICATE_METHOD_MATCH = YES;
				CODE_SIGN_IDENTITY = "iPhone Developer";
				COPY_PHASE_STRIP = NO;
				DEBUG_INFORMATION_FORMAT = dwarf;
				ENABLE_STRICT_OBJC_MSGSEND = YES;
				ENABLE_TESTABILITY = YES;
				GCC_C_LANGUAGE_STANDARD = gnu11;
				GCC_DYNAMIC_NO_PIC = NO;
				GCC_NO_COMMON_BLOCKS = YES;
				GCC_OPTIMIZATION_LEVEL = 0;
				GCC_PREPROCESSOR_DEFINITIONS = (
					"DEBUG=1",
					"$(inherited)",
				);
				GCC_WARN_64_TO_32_BIT_CONVERSION = YES;
				GCC_WARN_ABOUT_RETURN_TYPE = YES_ERROR;
				GCC_WARN_UNDECLARED_SELECTOR = YES;
				GCC_WARN_UNINITIALIZED_AUTOS = YES_AGGRESSIVE;
				GCC_WARN_UNUSED_FUNCTION = YES;
				GCC_WARN_UNUSED_VARIABLE = YES;
				IPHONEOS_DEPLOYMENT_TARGET = 11.0;
				MTL_ENABLE_DEBUG_INFO = YES;
				ONLY_ACTIVE_ARCH = YES;
				SDKROOT = iphoneos;
				SWIFT_ACTIVE_COMPILATION_CONDITIONS = DEBUG;
				SWIFT_OPTIMIZATION_LEVEL = "-Onone";
			};
			name = Debug;
		};
		0459315A1FAB435600E4F86E /* Release */ = {
			isa = XCBuildConfiguration;
			buildSettings = {
				ALWAYS_SEARCH_USER_PATHS = NO;
				CLANG_ANALYZER_NONNULL = YES;
				CLANG_ANALYZER_NUMBER_OBJECT_CONVERSION = YES_AGGRESSIVE;
				CLANG_CXX_LANGUAGE_STANDARD = "gnu++14";
				CLANG_CXX_LIBRARY = "libc++";
				CLANG_ENABLE_MODULES = YES;
				CLANG_ENABLE_OBJC_ARC = YES;
				CLANG_WARN_BLOCK_CAPTURE_AUTORELEASING = YES;
				CLANG_WARN_BOOL_CONVERSION = YES;
				CLANG_WARN_COMMA = YES;
				CLANG_WARN_CONSTANT_CONVERSION = YES;
				CLANG_WARN_DIRECT_OBJC_ISA_USAGE = YES_ERROR;
				CLANG_WARN_DOCUMENTATION_COMMENTS = YES;
				CLANG_WARN_EMPTY_BODY = YES;
				CLANG_WARN_ENUM_CONVERSION = YES;
				CLANG_WARN_INFINITE_RECURSION = YES;
				CLANG_WARN_INT_CONVERSION = YES;
				CLANG_WARN_NON_LITERAL_NULL_CONVERSION = YES;
				CLANG_WARN_OBJC_LITERAL_CONVERSION = YES;
				CLANG_WARN_OBJC_ROOT_CLASS = YES_ERROR;
				CLANG_WARN_RANGE_LOOP_ANALYSIS = YES;
				CLANG_WARN_STRICT_PROTOTYPES = YES;
				CLANG_WARN_SUSPICIOUS_MOVE = YES;
				CLANG_WARN_UNGUARDED_AVAILABILITY = YES_AGGRESSIVE;
				CLANG_WARN_UNREACHABLE_CODE = YES;
				CLANG_WARN__DUPLICATE_METHOD_MATCH = YES;
				CODE_SIGN_IDENTITY = "iPhone Developer";
				COPY_PHASE_STRIP = NO;
				DEBUG_INFORMATION_FORMAT = "dwarf-with-dsym";
				ENABLE_NS_ASSERTIONS = NO;
				ENABLE_STRICT_OBJC_MSGSEND = YES;
				GCC_C_LANGUAGE_STANDARD = gnu11;
				GCC_NO_COMMON_BLOCKS = YES;
				GCC_WARN_64_TO_32_BIT_CONVERSION = YES;
				GCC_WARN_ABOUT_RETURN_TYPE = YES_ERROR;
				GCC_WARN_UNDECLARED_SELECTOR = YES;
				GCC_WARN_UNINITIALIZED_AUTOS = YES_AGGRESSIVE;
				GCC_WARN_UNUSED_FUNCTION = YES;
				GCC_WARN_UNUSED_VARIABLE = YES;
				IPHONEOS_DEPLOYMENT_TARGET = 11.0;
				MTL_ENABLE_DEBUG_INFO = NO;
				SDKROOT = iphoneos;
				SWIFT_OPTIMIZATION_LEVEL = "-Owholemodule";
				VALIDATE_PRODUCT = YES;
			};
			name = Release;
		};
		0459315C1FAB435600E4F86E /* Debug */ = {
			isa = XCBuildConfiguration;
			baseConfigurationReference = BD92061B5E5C97D380DB1DA9 /* Pods-成长之路APP-Swift.debug.xcconfig */;
			buildSettings = {
				ASSETCATALOG_COMPILER_APPICON_NAME = AppIcon;
				ASSETCATALOG_COMPILER_LAUNCHIMAGE_NAME = LaunchImage;
				CODE_SIGN_STYLE = Automatic;
				DEVELOPMENT_TEAM = 6CZ89FGWN9;
				INFOPLIST_FILE = "$(SRCROOT)/成长之路APP-Swift/Classes/Supporting Files/Info.plist";
				IPHONEOS_DEPLOYMENT_TARGET = 9.0;
				LD_RUNPATH_SEARCH_PATHS = "$(inherited) @executable_path/Frameworks";
				OTHER_SWIFT_FLAGS = "$(inherited) -DEBUG";
				PRODUCT_BUNDLE_IDENTIFIER = com.topad.jike;
				PRODUCT_NAME = "$(TARGET_NAME)";
				SWIFT_VERSION = 4.0;
				TARGETED_DEVICE_FAMILY = "1,2";
			};
			name = Debug;
		};
		0459315D1FAB435600E4F86E /* Release */ = {
			isa = XCBuildConfiguration;
			baseConfigurationReference = 028FB0C4F483882E3F6AFE89 /* Pods-成长之路APP-Swift.release.xcconfig */;
			buildSettings = {
				ASSETCATALOG_COMPILER_APPICON_NAME = AppIcon;
				ASSETCATALOG_COMPILER_LAUNCHIMAGE_NAME = LaunchImage;
				CODE_SIGN_STYLE = Automatic;
				DEVELOPMENT_TEAM = 6CZ89FGWN9;
				INFOPLIST_FILE = "$(SRCROOT)/成长之路APP-Swift/Classes/Supporting Files/Info.plist";
				IPHONEOS_DEPLOYMENT_TARGET = 9.0;
				LD_RUNPATH_SEARCH_PATHS = "$(inherited) @executable_path/Frameworks";
				PRODUCT_BUNDLE_IDENTIFIER = com.topad.jike;
				PRODUCT_NAME = "$(TARGET_NAME)";
				SWIFT_VERSION = 4.0;
				TARGETED_DEVICE_FAMILY = "1,2";
			};
			name = Release;
		};
		0459315F1FAB435600E4F86E /* Debug */ = {
			isa = XCBuildConfiguration;
			buildSettings = {
				ALWAYS_EMBED_SWIFT_STANDARD_LIBRARIES = YES;
				BUNDLE_LOADER = "$(TEST_HOST)";
				CODE_SIGN_STYLE = Automatic;
				INFOPLIST_FILE = "成长之路APP-SwiftTests/Info.plist";
				LD_RUNPATH_SEARCH_PATHS = "$(inherited) @executable_path/Frameworks @loader_path/Frameworks";
				PRODUCT_BUNDLE_IDENTIFIER = "huixiao.GrownUpApp-SwiftTests";
				PRODUCT_NAME = "$(TARGET_NAME)";
				SWIFT_VERSION = 4.0;
				TARGETED_DEVICE_FAMILY = "1,2";
				TEST_HOST = "$(BUILT_PRODUCTS_DIR)/成长之路APP-Swift.app/成长之路APP-Swift";
			};
			name = Debug;
		};
		045931601FAB435600E4F86E /* Release */ = {
			isa = XCBuildConfiguration;
			buildSettings = {
				ALWAYS_EMBED_SWIFT_STANDARD_LIBRARIES = YES;
				BUNDLE_LOADER = "$(TEST_HOST)";
				CODE_SIGN_STYLE = Automatic;
				INFOPLIST_FILE = "成长之路APP-SwiftTests/Info.plist";
				LD_RUNPATH_SEARCH_PATHS = "$(inherited) @executable_path/Frameworks @loader_path/Frameworks";
				PRODUCT_BUNDLE_IDENTIFIER = "huixiao.GrownUpApp-SwiftTests";
				PRODUCT_NAME = "$(TARGET_NAME)";
				SWIFT_VERSION = 4.0;
				TARGETED_DEVICE_FAMILY = "1,2";
				TEST_HOST = "$(BUILT_PRODUCTS_DIR)/成长之路APP-Swift.app/成长之路APP-Swift";
			};
			name = Release;
		};
		045931621FAB435600E4F86E /* Debug */ = {
			isa = XCBuildConfiguration;
			buildSettings = {
				ALWAYS_EMBED_SWIFT_STANDARD_LIBRARIES = YES;
				CODE_SIGN_STYLE = Automatic;
				INFOPLIST_FILE = "成长之路APP-SwiftUITests/Info.plist";
				LD_RUNPATH_SEARCH_PATHS = "$(inherited) @executable_path/Frameworks @loader_path/Frameworks";
				PRODUCT_BUNDLE_IDENTIFIER = "huixiao.GrownUpApp-SwiftUITests";
				PRODUCT_NAME = "$(TARGET_NAME)";
				SWIFT_VERSION = 4.0;
				TARGETED_DEVICE_FAMILY = "1,2";
				TEST_TARGET_NAME = "GrownUpApp-Swift";
			};
			name = Debug;
		};
		045931631FAB435600E4F86E /* Release */ = {
			isa = XCBuildConfiguration;
			buildSettings = {
				ALWAYS_EMBED_SWIFT_STANDARD_LIBRARIES = YES;
				CODE_SIGN_STYLE = Automatic;
				INFOPLIST_FILE = "成长之路APP-SwiftUITests/Info.plist";
				LD_RUNPATH_SEARCH_PATHS = "$(inherited) @executable_path/Frameworks @loader_path/Frameworks";
				PRODUCT_BUNDLE_IDENTIFIER = "huixiao.GrownUpApp-SwiftUITests";
				PRODUCT_NAME = "$(TARGET_NAME)";
				SWIFT_VERSION = 4.0;
				TARGETED_DEVICE_FAMILY = "1,2";
				TEST_TARGET_NAME = "GrownUpApp-Swift";
			};
			name = Release;
		};
/* End XCBuildConfiguration section */

/* Begin XCConfigurationList section */
		0459312E1FAB435600E4F86E /* Build configuration list for PBXProject "成长之路APP-Swift" */ = {
			isa = XCConfigurationList;
			buildConfigurations = (
				045931591FAB435600E4F86E /* Debug */,
				0459315A1FAB435600E4F86E /* Release */,
			);
			defaultConfigurationIsVisible = 0;
			defaultConfigurationName = Release;
		};
		0459315B1FAB435600E4F86E /* Build configuration list for PBXNativeTarget "成长之路APP-Swift" */ = {
			isa = XCConfigurationList;
			buildConfigurations = (
				0459315C1FAB435600E4F86E /* Debug */,
				0459315D1FAB435600E4F86E /* Release */,
			);
			defaultConfigurationIsVisible = 0;
			defaultConfigurationName = Release;
		};
		0459315E1FAB435600E4F86E /* Build configuration list for PBXNativeTarget "成长之路APP-SwiftTests" */ = {
			isa = XCConfigurationList;
			buildConfigurations = (
				0459315F1FAB435600E4F86E /* Debug */,
				045931601FAB435600E4F86E /* Release */,
			);
			defaultConfigurationIsVisible = 0;
			defaultConfigurationName = Release;
		};
		045931611FAB435600E4F86E /* Build configuration list for PBXNativeTarget "成长之路APP-SwiftUITests" */ = {
			isa = XCConfigurationList;
			buildConfigurations = (
				045931621FAB435600E4F86E /* Debug */,
				045931631FAB435600E4F86E /* Release */,
			);
			defaultConfigurationIsVisible = 0;
			defaultConfigurationName = Release;
		};
/* End XCConfigurationList section */
	};
	rootObject = 0459312B1FAB435600E4F86E /* Project object */;
}
